
Microsoft Visual Studio Solution File, Format Version 12.00
# Visual Studio Version 16
VisualStudioVersion = 16.0.28803.352
MinimumVisualStudioVersion = 10.0.40219.1
Project("{FAE04EC0-301F-11D3-BF4B-00C04F79EFBC}") = "Lamdia", "Lamdia\Lamdia.csproj", "{38E64E03-206A-4C71-9237-725097D4AF6F}"
EndProject
Global
	GlobalSection(SolutionConfigurationPlatforms) = preSolution
		Debug|Any CPU = Debug|Any CPU
		Release|Any CPU = Release|Any CPU
	EndGlobalSection
	GlobalSection(ProjectConfigurationPlatforms) = postSolution
		{38E64E03-206A-4C71-9237-725097D4AF6F}.Debug|Any CPU.ActiveCfg = Debug|Any CPU
		{38E64E03-206A-4C71-9237-725097D4AF6F}.Debug|Any CPU.Build.0 = Debug|Any CPU
		{38E64E03-206A-4C71-9237-725097D4AF6F}.Release|Any CPU.ActiveCfg = Release|Any CPU
		{38E64E03-206A-4C71-9237-725097D4AF6F}.Release|Any CPU.Build.0 = Release|Any CPU
	EndGlobalSection
	GlobalSection(SolutionProperties) = preSolution
		HideSolutionNode = FALSE
	EndGlobalSection
	GlobalSection(ExtensibilityGlobals) = postSolution
		SolutionGuid = {70565EFB-7EC8-42F4-934B-4D6A416875CF}
	EndGlobalSection
EndGlobal
